
Microsoft Visual Studio Solution File, Format Version 12.00
# Visual Studio 2013
VisualStudioVersion = 12.0.40629.0
MinimumVisualStudioVersion = 10.0.40219.1
Project("{FAE04EC0-301F-11D3-BF4B-00C04F79EFBC}") = "AutoPrintr", "AutoPrintr\AutoPrintr.csproj", "{3BE80A7C-E89D-4F9B-A948-80F8AD075EAB}"
EndProject
Global
	GlobalSection(SolutionConfigurationPlatforms) = preSolution
		Debug|Any CPU = Debug|Any CPU
		Release|Any CPU = Release|Any CPU
	EndGlobalSection
	GlobalSection(ProjectConfigurationPlatforms) = postSolution
		{3BE80A7C-E89D-4F9B-A948-80F8AD075EAB}.Debug|Any CPU.ActiveCfg = Debug|Any CPU
		{3BE80A7C-E89D-4F9B-A948-80F8AD075EAB}.Debug|Any CPU.Build.0 = Debug|Any CPU
		{3BE80A7C-E89D-4F9B-A948-80F8AD075EAB}.Release|Any CPU.ActiveCfg = Release|Any CPU
		{3BE80A7C-E89D-4F9B-A948-80F8AD075EAB}.Release|Any CPU.Build.0 = Release|Any CPU
	EndGlobalSection
	GlobalSection(SolutionProperties) = preSolution
		HideSolutionNode = FALSE
	EndGlobalSection
EndGlobal
